
Microsoft Visual Studio Solution File, Format Version 12.00
# Visual Studio Version 17
VisualStudioVersion = 17.4.33213.308
MinimumVisualStudioVersion = 10.0.40219.1
Project("{FAE04EC0-301F-11D3-BF4B-00C04F79EFBC}") = "IA_XOR", "IA_XOR\IA_XOR.csproj", "{6CD8019F-A137-4F23-AAEA-92D930634695}"
EndProject
Global
	GlobalSection(SolutionConfigurationPlatforms) = preSolution
		Debug|Any CPU = Debug|Any CPU
		Release|Any CPU = Release|Any CPU
	EndGlobalSection
	GlobalSection(ProjectConfigurationPlatforms) = postSolution
		{6CD8019F-A137-4F23-AAEA-92D930634695}.Debug|Any CPU.ActiveCfg = Debug|Any CPU
		{6CD8019F-A137-4F23-AAEA-92D930634695}.Debug|Any CPU.Build.0 = Debug|Any CPU
		{6CD8019F-A137-4F23-AAEA-92D930634695}.Release|Any CPU.ActiveCfg = Release|Any CPU
		{6CD8019F-A137-4F23-AAEA-92D930634695}.Release|Any CPU.Build.0 = Release|Any CPU
	EndGlobalSection
	GlobalSection(SolutionProperties) = preSolution
		HideSolutionNode = FALSE
	EndGlobalSection
	GlobalSection(ExtensibilityGlobals) = postSolution
		SolutionGuid = {ECAE3301-C718-42D0-9002-41A25736EAE4}
	EndGlobalSection
EndGlobal
